
Microsoft Visual Studio Solution File, Format Version 12.00
# Visual Studio Version 16
VisualStudioVersion = 16.0.30204.135
MinimumVisualStudioVersion = 10.0.40219.1
Project("{9A19103F-16F7-4668-BE54-9A1E7A4F7556}") = "SimpleTCG.Core", "SimpleTCG.Core\SimpleTCG.Core.csproj", "{B249A1E2-DEFE-44E4-A295-A6C4F325B155}"
EndProject
Project("{9A19103F-16F7-4668-BE54-9A1E7A4F7556}") = "SimpleTCG.Core.Tests", "SimpleTCG.Core.Tests\SimpleTCG.Core.Tests.csproj", "{61963E0F-849E-4873-AE9A-68DCF1BF226B}"
EndProject
Project("{FAE04EC0-301F-11D3-BF4B-00C04F79EFBC}") = "SimpleTCG.Sample", "SimpleTCG.Sample\SimpleTCG.Sample.csproj", "{2F68B4B0-D091-4C10-9F0C-F804F5E125F5}"
EndProject
Global
	GlobalSection(SolutionConfigurationPlatforms) = preSolution
		Debug|Any CPU = Debug|Any CPU
		Release|Any CPU = Release|Any CPU
	EndGlobalSection
	GlobalSection(ProjectConfigurationPlatforms) = postSolution
		{B249A1E2-DEFE-44E4-A295-A6C4F325B155}.Debug|Any CPU.ActiveCfg = Debug|Any CPU
		{B249A1E2-DEFE-44E4-A295-A6C4F325B155}.Debug|Any CPU.Build.0 = Debug|Any CPU
		{B249A1E2-DEFE-44E4-A295-A6C4F325B155}.Release|Any CPU.ActiveCfg = Release|Any CPU
		{B249A1E2-DEFE-44E4-A295-A6C4F325B155}.Release|Any CPU.Build.0 = Release|Any CPU
		{61963E0F-849E-4873-AE9A-68DCF1BF226B}.Debug|Any CPU.ActiveCfg = Debug|Any CPU
		{61963E0F-849E-4873-AE9A-68DCF1BF226B}.Debug|Any CPU.Build.0 = Debug|Any CPU
		{61963E0F-849E-4873-AE9A-68DCF1BF226B}.Release|Any CPU.ActiveCfg = Release|Any CPU
		{61963E0F-849E-4873-AE9A-68DCF1BF226B}.Release|Any CPU.Build.0 = Release|Any CPU
		{2F68B4B0-D091-4C10-9F0C-F804F5E125F5}.Debug|Any CPU.ActiveCfg = Debug|Any CPU
		{2F68B4B0-D091-4C10-9F0C-F804F5E125F5}.Debug|Any CPU.Build.0 = Debug|Any CPU
		{2F68B4B0-D091-4C10-9F0C-F804F5E125F5}.Release|Any CPU.ActiveCfg = Release|Any CPU
		{2F68B4B0-D091-4C10-9F0C-F804F5E125F5}.Release|Any CPU.Build.0 = Release|Any CPU
	EndGlobalSection
	GlobalSection(SolutionProperties) = preSolution
		HideSolutionNode = FALSE
	EndGlobalSection
	GlobalSection(ExtensibilityGlobals) = postSolution
		SolutionGuid = {BAFE2F35-2A58-4BBF-8DC0-A521ECEBF952}
	EndGlobalSection
EndGlobal
